
Microsoft Visual Studio Solution File, Format Version 12.00
Project("{FAE04EC0-301F-11D3-BF4B-00C04F79EFBC}") = "ConsoleApp1", "ConsoleApp1\ConsoleApp1.csproj", "{3DB67497-560C-4E2E-AC49-4A6822451B17}"
EndProject
Project("{FAE04EC0-301F-11D3-BF4B-00C04F79EFBC}") = "ConsoleApp2", "ConsoleApp2\ConsoleApp2.csproj", "{786A87B6-B991-4FF7-A958-4079817B59E5}"
EndProject
Project("{FAE04EC0-301F-11D3-BF4B-00C04F79EFBC}") = "CICLO FOR", "CICLO FOR\CICLO FOR.csproj", "{239CADF0-EDD8-44DE-AC6A-C5B5F2AAA0EE}"
EndProject
Project("{FAE04EC0-301F-11D3-BF4B-00C04F79EFBC}") = "CICLO WHILEì", "CICLO WHILEì\CICLO WHILEì.csproj", "{CAC35EDC-2780-4BDE-927A-F3FFCE3F5A1C}"
EndProject
Project("{FAE04EC0-301F-11D3-BF4B-00C04F79EFBC}") = "Do While", "Do While\Do While.csproj", "{E029F41C-B21B-4F9A-BE46-45BD8102E4CE}"
EndProject
Global
	GlobalSection(SolutionConfigurationPlatforms) = preSolution
		Debug|Any CPU = Debug|Any CPU
		Release|Any CPU = Release|Any CPU
	EndGlobalSection
	GlobalSection(ProjectConfigurationPlatforms) = postSolution
		{3DB67497-560C-4E2E-AC49-4A6822451B17}.Debug|Any CPU.ActiveCfg = Debug|Any CPU
		{3DB67497-560C-4E2E-AC49-4A6822451B17}.Debug|Any CPU.Build.0 = Debug|Any CPU
		{3DB67497-560C-4E2E-AC49-4A6822451B17}.Release|Any CPU.ActiveCfg = Release|Any CPU
		{3DB67497-560C-4E2E-AC49-4A6822451B17}.Release|Any CPU.Build.0 = Release|Any CPU
		{786A87B6-B991-4FF7-A958-4079817B59E5}.Debug|Any CPU.ActiveCfg = Debug|Any CPU
		{786A87B6-B991-4FF7-A958-4079817B59E5}.Debug|Any CPU.Build.0 = Debug|Any CPU
		{786A87B6-B991-4FF7-A958-4079817B59E5}.Release|Any CPU.ActiveCfg = Release|Any CPU
		{786A87B6-B991-4FF7-A958-4079817B59E5}.Release|Any CPU.Build.0 = Release|Any CPU
		{239CADF0-EDD8-44DE-AC6A-C5B5F2AAA0EE}.Debug|Any CPU.ActiveCfg = Debug|Any CPU
		{239CADF0-EDD8-44DE-AC6A-C5B5F2AAA0EE}.Debug|Any CPU.Build.0 = Debug|Any CPU
		{239CADF0-EDD8-44DE-AC6A-C5B5F2AAA0EE}.Release|Any CPU.ActiveCfg = Release|Any CPU
		{239CADF0-EDD8-44DE-AC6A-C5B5F2AAA0EE}.Release|Any CPU.Build.0 = Release|Any CPU
		{CAC35EDC-2780-4BDE-927A-F3FFCE3F5A1C}.Debug|Any CPU.ActiveCfg = Debug|Any CPU
		{CAC35EDC-2780-4BDE-927A-F3FFCE3F5A1C}.Debug|Any CPU.Build.0 = Debug|Any CPU
		{CAC35EDC-2780-4BDE-927A-F3FFCE3F5A1C}.Release|Any CPU.ActiveCfg = Release|Any CPU
		{CAC35EDC-2780-4BDE-927A-F3FFCE3F5A1C}.Release|Any CPU.Build.0 = Release|Any CPU
		{E029F41C-B21B-4F9A-BE46-45BD8102E4CE}.Debug|Any CPU.ActiveCfg = Debug|Any CPU
		{E029F41C-B21B-4F9A-BE46-45BD8102E4CE}.Debug|Any CPU.Build.0 = Debug|Any CPU
		{E029F41C-B21B-4F9A-BE46-45BD8102E4CE}.Release|Any CPU.ActiveCfg = Release|Any CPU
		{E029F41C-B21B-4F9A-BE46-45BD8102E4CE}.Release|Any CPU.Build.0 = Release|Any CPU
	EndGlobalSection
EndGlobal
